
Microsoft Visual Studio Solution File, Format Version 12.00
# Visual Studio 15
VisualStudioVersion = 15.0.27130.2020
MinimumVisualStudioVersion = 10.0.40219.1
Project("{FAE04EC0-301F-11D3-BF4B-00C04F79EFBC}") = "CucaBot", "CucaBot\CucaBot.csproj", "{82A4E426-3C23-4D17-A130-B5DB97D9375A}"
EndProject
Project("{FAE04EC0-301F-11D3-BF4B-00C04F79EFBC}") = "CucaAPI", "CucaAPI\CucaAPI.csproj", "{C8ECEA70-7E78-4EB8-8DDB-C1D6BB2054D6}"
EndProject
Global
	GlobalSection(SolutionConfigurationPlatforms) = preSolution
		Debug|Any CPU = Debug|Any CPU
		Release|Any CPU = Release|Any CPU
	EndGlobalSection
	GlobalSection(ProjectConfigurationPlatforms) = postSolution
		{82A4E426-3C23-4D17-A130-B5DB97D9375A}.Debug|Any CPU.ActiveCfg = Debug|Any CPU
		{82A4E426-3C23-4D17-A130-B5DB97D9375A}.Debug|Any CPU.Build.0 = Debug|Any CPU
		{82A4E426-3C23-4D17-A130-B5DB97D9375A}.Release|Any CPU.ActiveCfg = Release|Any CPU
		{82A4E426-3C23-4D17-A130-B5DB97D9375A}.Release|Any CPU.Build.0 = Release|Any CPU
		{C8ECEA70-7E78-4EB8-8DDB-C1D6BB2054D6}.Debug|Any CPU.ActiveCfg = Debug|Any CPU
		{C8ECEA70-7E78-4EB8-8DDB-C1D6BB2054D6}.Debug|Any CPU.Build.0 = Debug|Any CPU
		{C8ECEA70-7E78-4EB8-8DDB-C1D6BB2054D6}.Release|Any CPU.ActiveCfg = Release|Any CPU
		{C8ECEA70-7E78-4EB8-8DDB-C1D6BB2054D6}.Release|Any CPU.Build.0 = Release|Any CPU
	EndGlobalSection
	GlobalSection(SolutionProperties) = preSolution
		HideSolutionNode = FALSE
	EndGlobalSection
	GlobalSection(ExtensibilityGlobals) = postSolution
		SolutionGuid = {43863742-3B54-4B73-8C12-D34B902137F3}
	EndGlobalSection
EndGlobal
